
Microsoft Visual Studio Solution File, Format Version 12.00
# Visual Studio Version 16
VisualStudioVersion = 16.0.31729.503
MinimumVisualStudioVersion = 10.0.40219.1
Project("{FAE04EC0-301F-11D3-BF4B-00C04F79EFBC}") = "web_Laptop", "web_Laptop\web_Laptop.csproj", "{4EB6C397-A50E-4BE3-BF91-1238CF6827E6}"
EndProject
Global
	GlobalSection(SolutionConfigurationPlatforms) = preSolution
		Debug|Any CPU = Debug|Any CPU
		Release|Any CPU = Release|Any CPU
	EndGlobalSection
	GlobalSection(ProjectConfigurationPlatforms) = postSolution
		{4EB6C397-A50E-4BE3-BF91-1238CF6827E6}.Debug|Any CPU.ActiveCfg = Debug|Any CPU
		{4EB6C397-A50E-4BE3-BF91-1238CF6827E6}.Debug|Any CPU.Build.0 = Debug|Any CPU
		{4EB6C397-A50E-4BE3-BF91-1238CF6827E6}.Release|Any CPU.ActiveCfg = Release|Any CPU
		{4EB6C397-A50E-4BE3-BF91-1238CF6827E6}.Release|Any CPU.Build.0 = Release|Any CPU
	EndGlobalSection
	GlobalSection(SolutionProperties) = preSolution
		HideSolutionNode = FALSE
	EndGlobalSection
	GlobalSection(ExtensibilityGlobals) = postSolution
		SolutionGuid = {789D3855-28B5-4D2F-B3C7-EEE2A775FECF}
	EndGlobalSection
EndGlobal
